
Microsoft Visual Studio Solution File, Format Version 12.00
# Visual Studio Version 17
VisualStudioVersion = 17.8.34309.116
MinimumVisualStudioVersion = 10.0.40219.1
Project("{E75E699B-2EB6-4C72-94D9-1813180A11DE}") = "FreeCICD", "FreeCICD\FreeCICD.csproj", "{26176EDD-7988-435C-805F-A771026E64CE}"
EndProject
Project("{E75E699B-2EB6-4C72-94D9-1813180A11DE}") = "FreeCICD.Client", "FreeCICD.Client\FreeCICD.Client.csproj", "{9CB9B5D2-359B-4B0F-A492-B2C52C505096}"
EndProject
Project("{E75E699B-2EB6-4C72-94D9-1813180A11DE}") = "FreeCICD.DataAccess", "FreeCICD.DataAccess\FreeCICD.DataAccess.csproj", "{C4A16455-0D4D-474F-8BE1-945951E53FF7}"
EndProject
Project("{E75E699B-2EB6-4C72-94D9-1813180A11DE}") = "FreeCICD.DataObjects", "FreeCICD.DataObjects\FreeCICD.DataObjects.csproj", "{8BB86832-C7F5-4960-B84E-D61E0D3038F7}"
EndProject
Project("{E75E699B-2EB6-4C72-94D9-1813180A11DE}") = "FreeCICD.EFModels", "FreeCICD.EFModels\FreeCICD.EFModels.csproj", "{1808C33B-FE14-4D40-AA47-9BCAA8BFFF5F}"
EndProject
Project("{2150E333-8FDC-42A3-9474-1A3956D46DE8}") = "Solution Items", "Solution Items", "{34887400-CD9F-4E34-8BB3-A2C25AA4DD90}"
	ProjectSection(SolutionItems) = preProject
		.editorconfig = .editorconfig
		.gitignore = .gitignore
		LICENSE = LICENSE
		README.md = README.md
		Remove Modules from FreeFreeCICD.exe = Remove Modules from FreeFreeCICD.exe
		Rename FreeFreeCICD.exe = Rename FreeFreeCICD.exe
	EndProjectSection
EndProject
Project("{E75E699B-2EB6-4C72-94D9-1813180A11DE}") = "FreeCICD.Plugins", "FreeCICD.Plugins\FreeCICD.Plugins.csproj", "{84C9ACC5-7250-4DA0-A22F-5A3B893477D0}"
EndProject
Global
	GlobalSection(SolutionConfigurationPlatforms) = preSolution
		Debug|Any CPU = Debug|Any CPU
		Release|Any CPU = Release|Any CPU
	EndGlobalSection
	GlobalSection(ProjectConfigurationPlatforms) = postSolution
		{26176EDD-7988-435C-805F-A771026E64CE}.Debug|Any CPU.ActiveCfg = Debug|Any CPU
		{26176EDD-7988-435C-805F-A771026E64CE}.Debug|Any CPU.Build.0 = Debug|Any CPU
		{26176EDD-7988-435C-805F-A771026E64CE}.Release|Any CPU.ActiveCfg = Release|Any CPU
		{26176EDD-7988-435C-805F-A771026E64CE}.Release|Any CPU.Build.0 = Release|Any CPU
		{9CB9B5D2-359B-4B0F-A492-B2C52C505096}.Debug|Any CPU.ActiveCfg = Debug|Any CPU
		{9CB9B5D2-359B-4B0F-A492-B2C52C505096}.Debug|Any CPU.Build.0 = Debug|Any CPU
		{9CB9B5D2-359B-4B0F-A492-B2C52C505096}.Release|Any CPU.ActiveCfg = Release|Any CPU
		{9CB9B5D2-359B-4B0F-A492-B2C52C505096}.Release|Any CPU.Build.0 = Release|Any CPU
		{C4A16455-0D4D-474F-8BE1-945951E53FF7}.Debug|Any CPU.ActiveCfg = Debug|Any CPU
		{C4A16455-0D4D-474F-8BE1-945951E53FF7}.Debug|Any CPU.Build.0 = Debug|Any CPU
		{C4A16455-0D4D-474F-8BE1-945951E53FF7}.Release|Any CPU.ActiveCfg = Release|Any CPU
		{C4A16455-0D4D-474F-8BE1-945951E53FF7}.Release|Any CPU.Build.0 = Release|Any CPU
		{8BB86832-C7F5-4960-B84E-D61E0D3038F7}.Debug|Any CPU.ActiveCfg = Debug|Any CPU
		{8BB86832-C7F5-4960-B84E-D61E0D3038F7}.Debug|Any CPU.Build.0 = Debug|Any CPU
		{8BB86832-C7F5-4960-B84E-D61E0D3038F7}.Release|Any CPU.ActiveCfg = Release|Any CPU
		{8BB86832-C7F5-4960-B84E-D61E0D3038F7}.Release|Any CPU.Build.0 = Release|Any CPU
		{1808C33B-FE14-4D40-AA47-9BCAA8BFFF5F}.Debug|Any CPU.ActiveCfg = Debug|Any CPU
		{1808C33B-FE14-4D40-AA47-9BCAA8BFFF5F}.Debug|Any CPU.Build.0 = Debug|Any CPU
		{1808C33B-FE14-4D40-AA47-9BCAA8BFFF5F}.Release|Any CPU.ActiveCfg = Release|Any CPU
		{1808C33B-FE14-4D40-AA47-9BCAA8BFFF5F}.Release|Any CPU.Build.0 = Release|Any CPU
		{84C9ACC5-7250-4DA0-A22F-5A3B893477D0}.Debug|Any CPU.ActiveCfg = Debug|Any CPU
		{84C9ACC5-7250-4DA0-A22F-5A3B893477D0}.Debug|Any CPU.Build.0 = Debug|Any CPU
		{84C9ACC5-7250-4DA0-A22F-5A3B893477D0}.Release|Any CPU.ActiveCfg = Release|Any CPU
		{84C9ACC5-7250-4DA0-A22F-5A3B893477D0}.Release|Any CPU.Build.0 = Release|Any CPU
	EndGlobalSection
	GlobalSection(SolutionProperties) = preSolution
		HideSolutionNode = FALSE
	EndGlobalSection
	GlobalSection(ExtensibilityGlobals) = postSolution
		SolutionGuid = {C4A59AD0-92A7-475D-A3BC-51E982A9C0FA}
	EndGlobalSection
EndGlobal
