
Microsoft Visual Studio Solution File, Format Version 12.00
# Visual Studio Version 17
VisualStudioVersion = 17.8.34309.116
MinimumVisualStudioVersion = 10.0.40219.1
Project("{70F8A190-9DAF-4AD1-8820-FB35AA7C4BE6}") = "FreeCICD", "FreeCICD\FreeCICD.csproj", "{97362458-83DE-4D0B-BD6E-CB8DE7A78BCD}"
EndProject
Project("{70F8A190-9DAF-4AD1-8820-FB35AA7C4BE6}") = "FreeCICD.Client", "FreeCICD.Client\FreeCICD.Client.csproj", "{4500741A-D601-43AA-9972-E4200D7FC5A3}"
EndProject
Project("{70F8A190-9DAF-4AD1-8820-FB35AA7C4BE6}") = "FreeCICD.DataAccess", "FreeCICD.DataAccess\FreeCICD.DataAccess.csproj", "{ABA53E08-9C09-4BE0-9F7F-97AA6A0F6DB6}"
EndProject
Project("{70F8A190-9DAF-4AD1-8820-FB35AA7C4BE6}") = "FreeCICD.DataObjects", "FreeCICD.DataObjects\FreeCICD.DataObjects.csproj", "{FB9918A1-5D91-4034-8EB2-1CA3FBDADCAE}"
EndProject
Project("{70F8A190-9DAF-4AD1-8820-FB35AA7C4BE6}") = "FreeCICD.EFModels", "FreeCICD.EFModels\FreeCICD.EFModels.csproj", "{0DD68B73-7C6C-4FDB-A187-49C977C0A7E3}"
EndProject
Project("{2150E333-8FDC-42A3-9474-1A3956D46DE8}") = "Solution Items", "Solution Items", "{60CEBA9A-DF3C-40E1-A05D-5F4A5B069FE0}"
	ProjectSection(SolutionItems) = preProject
		.editorconfig = .editorconfig
		.gitignore = .gitignore
		LICENSE = LICENSE
		README.md = README.md
		Remove Modules from FreeFreeCICD.exe = Remove Modules from FreeFreeCICD.exe
		Rename FreeFreeCICD.exe = Rename FreeFreeCICD.exe
	EndProjectSection
EndProject
Project("{70F8A190-9DAF-4AD1-8820-FB35AA7C4BE6}") = "FreeCICD.Plugins", "FreeCICD.Plugins\FreeCICD.Plugins.csproj", "{173BABAC-B148-42E8-9A3F-9B1E0ACFE39D}"
EndProject
Global
	GlobalSection(SolutionConfigurationPlatforms) = preSolution
		Debug|Any CPU = Debug|Any CPU
		Release|Any CPU = Release|Any CPU
	EndGlobalSection
	GlobalSection(ProjectConfigurationPlatforms) = postSolution
		{97362458-83DE-4D0B-BD6E-CB8DE7A78BCD}.Debug|Any CPU.ActiveCfg = Debug|Any CPU
		{97362458-83DE-4D0B-BD6E-CB8DE7A78BCD}.Debug|Any CPU.Build.0 = Debug|Any CPU
		{97362458-83DE-4D0B-BD6E-CB8DE7A78BCD}.Release|Any CPU.ActiveCfg = Release|Any CPU
		{97362458-83DE-4D0B-BD6E-CB8DE7A78BCD}.Release|Any CPU.Build.0 = Release|Any CPU
		{4500741A-D601-43AA-9972-E4200D7FC5A3}.Debug|Any CPU.ActiveCfg = Debug|Any CPU
		{4500741A-D601-43AA-9972-E4200D7FC5A3}.Debug|Any CPU.Build.0 = Debug|Any CPU
		{4500741A-D601-43AA-9972-E4200D7FC5A3}.Release|Any CPU.ActiveCfg = Release|Any CPU
		{4500741A-D601-43AA-9972-E4200D7FC5A3}.Release|Any CPU.Build.0 = Release|Any CPU
		{ABA53E08-9C09-4BE0-9F7F-97AA6A0F6DB6}.Debug|Any CPU.ActiveCfg = Debug|Any CPU
		{ABA53E08-9C09-4BE0-9F7F-97AA6A0F6DB6}.Debug|Any CPU.Build.0 = Debug|Any CPU
		{ABA53E08-9C09-4BE0-9F7F-97AA6A0F6DB6}.Release|Any CPU.ActiveCfg = Release|Any CPU
		{ABA53E08-9C09-4BE0-9F7F-97AA6A0F6DB6}.Release|Any CPU.Build.0 = Release|Any CPU
		{FB9918A1-5D91-4034-8EB2-1CA3FBDADCAE}.Debug|Any CPU.ActiveCfg = Debug|Any CPU
		{FB9918A1-5D91-4034-8EB2-1CA3FBDADCAE}.Debug|Any CPU.Build.0 = Debug|Any CPU
		{FB9918A1-5D91-4034-8EB2-1CA3FBDADCAE}.Release|Any CPU.ActiveCfg = Release|Any CPU
		{FB9918A1-5D91-4034-8EB2-1CA3FBDADCAE}.Release|Any CPU.Build.0 = Release|Any CPU
		{0DD68B73-7C6C-4FDB-A187-49C977C0A7E3}.Debug|Any CPU.ActiveCfg = Debug|Any CPU
		{0DD68B73-7C6C-4FDB-A187-49C977C0A7E3}.Debug|Any CPU.Build.0 = Debug|Any CPU
		{0DD68B73-7C6C-4FDB-A187-49C977C0A7E3}.Release|Any CPU.ActiveCfg = Release|Any CPU
		{0DD68B73-7C6C-4FDB-A187-49C977C0A7E3}.Release|Any CPU.Build.0 = Release|Any CPU
		{173BABAC-B148-42E8-9A3F-9B1E0ACFE39D}.Debug|Any CPU.ActiveCfg = Debug|Any CPU
		{173BABAC-B148-42E8-9A3F-9B1E0ACFE39D}.Debug|Any CPU.Build.0 = Debug|Any CPU
		{173BABAC-B148-42E8-9A3F-9B1E0ACFE39D}.Release|Any CPU.ActiveCfg = Release|Any CPU
		{173BABAC-B148-42E8-9A3F-9B1E0ACFE39D}.Release|Any CPU.Build.0 = Release|Any CPU
	EndGlobalSection
	GlobalSection(SolutionProperties) = preSolution
		HideSolutionNode = FALSE
	EndGlobalSection
	GlobalSection(ExtensibilityGlobals) = postSolution
		SolutionGuid = {C4A59AD0-92A7-475D-A3BC-51E982A9C0FA}
	EndGlobalSection
EndGlobal
