
Microsoft Visual Studio Solution File, Format Version 12.00
# Visual Studio Version 17
VisualStudioVersion = 17.8.34309.116
MinimumVisualStudioVersion = 10.0.40219.1
Project("{C7BB0104-7256-4B0B-A603-59BB888EA68D}") = "FreeCICD", "FreeCICD\FreeCICD.csproj", "{7324EBAF-BD1D-4992-B716-61011561BB89}"
EndProject
Project("{C7BB0104-7256-4B0B-A603-59BB888EA68D}") = "FreeCICD.Client", "FreeCICD.Client\FreeCICD.Client.csproj", "{638EDCF1-0247-4B3C-A9CD-67CE16B43697}"
EndProject
Project("{C7BB0104-7256-4B0B-A603-59BB888EA68D}") = "FreeCICD.DataAccess", "FreeCICD.DataAccess\FreeCICD.DataAccess.csproj", "{FA069AD9-5EA9-4E71-990A-9E5C8C0198A3}"
EndProject
Project("{C7BB0104-7256-4B0B-A603-59BB888EA68D}") = "FreeCICD.DataObjects", "FreeCICD.DataObjects\FreeCICD.DataObjects.csproj", "{27C91C54-D7CB-415E-935B-5AF62F2E44E0}"
EndProject
Project("{C7BB0104-7256-4B0B-A603-59BB888EA68D}") = "FreeCICD.EFModels", "FreeCICD.EFModels\FreeCICD.EFModels.csproj", "{886631DC-DAC6-4764-A7E8-7D4BF7A045FE}"
EndProject
Project("{2150E333-8FDC-42A3-9474-1A3956D46DE8}") = "Solution Items", "Solution Items", "{61F9A786-A6F8-4404-8CD1-08B6B050C570}"
	ProjectSection(SolutionItems) = preProject
		.editorconfig = .editorconfig
		.gitignore = .gitignore
		LICENSE = LICENSE
		README.md = README.md
		Remove Modules from FreeFreeCICD.exe = Remove Modules from FreeFreeCICD.exe
		Rename FreeFreeCICD.exe = Rename FreeFreeCICD.exe
	EndProjectSection
EndProject
Project("{C7BB0104-7256-4B0B-A603-59BB888EA68D}") = "FreeCICD.Plugins", "FreeCICD.Plugins\FreeCICD.Plugins.csproj", "{B330B418-7409-41FA-ADE8-5D9FE41AF455}"
EndProject
Global
	GlobalSection(SolutionConfigurationPlatforms) = preSolution
		Debug|Any CPU = Debug|Any CPU
		Release|Any CPU = Release|Any CPU
	EndGlobalSection
	GlobalSection(ProjectConfigurationPlatforms) = postSolution
		{7324EBAF-BD1D-4992-B716-61011561BB89}.Debug|Any CPU.ActiveCfg = Debug|Any CPU
		{7324EBAF-BD1D-4992-B716-61011561BB89}.Debug|Any CPU.Build.0 = Debug|Any CPU
		{7324EBAF-BD1D-4992-B716-61011561BB89}.Release|Any CPU.ActiveCfg = Release|Any CPU
		{7324EBAF-BD1D-4992-B716-61011561BB89}.Release|Any CPU.Build.0 = Release|Any CPU
		{638EDCF1-0247-4B3C-A9CD-67CE16B43697}.Debug|Any CPU.ActiveCfg = Debug|Any CPU
		{638EDCF1-0247-4B3C-A9CD-67CE16B43697}.Debug|Any CPU.Build.0 = Debug|Any CPU
		{638EDCF1-0247-4B3C-A9CD-67CE16B43697}.Release|Any CPU.ActiveCfg = Release|Any CPU
		{638EDCF1-0247-4B3C-A9CD-67CE16B43697}.Release|Any CPU.Build.0 = Release|Any CPU
		{FA069AD9-5EA9-4E71-990A-9E5C8C0198A3}.Debug|Any CPU.ActiveCfg = Debug|Any CPU
		{FA069AD9-5EA9-4E71-990A-9E5C8C0198A3}.Debug|Any CPU.Build.0 = Debug|Any CPU
		{FA069AD9-5EA9-4E71-990A-9E5C8C0198A3}.Release|Any CPU.ActiveCfg = Release|Any CPU
		{FA069AD9-5EA9-4E71-990A-9E5C8C0198A3}.Release|Any CPU.Build.0 = Release|Any CPU
		{27C91C54-D7CB-415E-935B-5AF62F2E44E0}.Debug|Any CPU.ActiveCfg = Debug|Any CPU
		{27C91C54-D7CB-415E-935B-5AF62F2E44E0}.Debug|Any CPU.Build.0 = Debug|Any CPU
		{27C91C54-D7CB-415E-935B-5AF62F2E44E0}.Release|Any CPU.ActiveCfg = Release|Any CPU
		{27C91C54-D7CB-415E-935B-5AF62F2E44E0}.Release|Any CPU.Build.0 = Release|Any CPU
		{886631DC-DAC6-4764-A7E8-7D4BF7A045FE}.Debug|Any CPU.ActiveCfg = Debug|Any CPU
		{886631DC-DAC6-4764-A7E8-7D4BF7A045FE}.Debug|Any CPU.Build.0 = Debug|Any CPU
		{886631DC-DAC6-4764-A7E8-7D4BF7A045FE}.Release|Any CPU.ActiveCfg = Release|Any CPU
		{886631DC-DAC6-4764-A7E8-7D4BF7A045FE}.Release|Any CPU.Build.0 = Release|Any CPU
		{B330B418-7409-41FA-ADE8-5D9FE41AF455}.Debug|Any CPU.ActiveCfg = Debug|Any CPU
		{B330B418-7409-41FA-ADE8-5D9FE41AF455}.Debug|Any CPU.Build.0 = Debug|Any CPU
		{B330B418-7409-41FA-ADE8-5D9FE41AF455}.Release|Any CPU.ActiveCfg = Release|Any CPU
		{B330B418-7409-41FA-ADE8-5D9FE41AF455}.Release|Any CPU.Build.0 = Release|Any CPU
	EndGlobalSection
	GlobalSection(SolutionProperties) = preSolution
		HideSolutionNode = FALSE
	EndGlobalSection
	GlobalSection(ExtensibilityGlobals) = postSolution
		SolutionGuid = {C4A59AD0-92A7-475D-A3BC-51E982A9C0FA}
	EndGlobalSection
EndGlobal
